
Microsoft Visual Studio Solution File, Format Version 12.00
# Visual Studio Version 16
VisualStudioVersion = 16.0.32929.386
MinimumVisualStudioVersion = 10.0.40219.1
Project("{888888A0-9F3D-457C-B088-3A5042F75D52}") = "cis 261 week 5 project", "cis 261 week 5 project.pyproj", "{A8ADD795-D349-453C-B90D-48548086621C}"
EndProject
Global
	GlobalSection(SolutionConfigurationPlatforms) = preSolution
		Debug|Any CPU = Debug|Any CPU
		Release|Any CPU = Release|Any CPU
	EndGlobalSection
	GlobalSection(ProjectConfigurationPlatforms) = postSolution
		{A8ADD795-D349-453C-B90D-48548086621C}.Debug|Any CPU.ActiveCfg = Debug|Any CPU
		{A8ADD795-D349-453C-B90D-48548086621C}.Release|Any CPU.ActiveCfg = Release|Any CPU
	EndGlobalSection
	GlobalSection(SolutionProperties) = preSolution
		HideSolutionNode = FALSE
	EndGlobalSection
	GlobalSection(ExtensibilityGlobals) = postSolution
		SolutionGuid = {30525EA8-CFE9-4D6F-9C26-DF24F56BFDF1}
	EndGlobalSection
EndGlobal
